
Microsoft Visual Studio Solution File, Format Version 12.00
# Visual Studio Version 17
VisualStudioVersion = 17.8.34330.188
MinimumVisualStudioVersion = 10.0.40219.1
Project("{9A19103F-16F7-4668-BE54-9A1E7A4F7556}") = "1brc", "1brc\1brc.csproj", "{82268F02-4789-4788-A56D-309DCAAA9BEC}"
EndProject
Project("{9A19103F-16F7-4668-BE54-9A1E7A4F7556}") = "Tests", "Tests\Tests.csproj", "{49A954CB-D345-4627-BC4D-2AB07C234D68}"
EndProject
Project("{9A19103F-16F7-4668-BE54-9A1E7A4F7556}") = "Benchmarks", "Benchmarks\Benchmarks.csproj", "{81B7D3E9-8610-465C-9C6B-320DF2CCEF10}"
EndProject
Global
	GlobalSection(SolutionConfigurationPlatforms) = preSolution
		Debug|Any CPU = Debug|Any CPU
		Release|Any CPU = Release|Any CPU
	EndGlobalSection
	GlobalSection(ProjectConfigurationPlatforms) = postSolution
		{82268F02-4789-4788-A56D-309DCAAA9BEC}.Debug|Any CPU.ActiveCfg = Debug|Any CPU
		{82268F02-4789-4788-A56D-309DCAAA9BEC}.Debug|Any CPU.Build.0 = Debug|Any CPU
		{82268F02-4789-4788-A56D-309DCAAA9BEC}.Release|Any CPU.ActiveCfg = Release|Any CPU
		{82268F02-4789-4788-A56D-309DCAAA9BEC}.Release|Any CPU.Build.0 = Release|Any CPU
		{49A954CB-D345-4627-BC4D-2AB07C234D68}.Debug|Any CPU.ActiveCfg = Debug|Any CPU
		{49A954CB-D345-4627-BC4D-2AB07C234D68}.Debug|Any CPU.Build.0 = Debug|Any CPU
		{49A954CB-D345-4627-BC4D-2AB07C234D68}.Release|Any CPU.ActiveCfg = Release|Any CPU
		{49A954CB-D345-4627-BC4D-2AB07C234D68}.Release|Any CPU.Build.0 = Release|Any CPU
		{81B7D3E9-8610-465C-9C6B-320DF2CCEF10}.Debug|Any CPU.ActiveCfg = Debug|Any CPU
		{81B7D3E9-8610-465C-9C6B-320DF2CCEF10}.Debug|Any CPU.Build.0 = Debug|Any CPU
		{81B7D3E9-8610-465C-9C6B-320DF2CCEF10}.Release|Any CPU.ActiveCfg = Release|Any CPU
		{81B7D3E9-8610-465C-9C6B-320DF2CCEF10}.Release|Any CPU.Build.0 = Release|Any CPU
	EndGlobalSection
	GlobalSection(SolutionProperties) = preSolution
		HideSolutionNode = FALSE
	EndGlobalSection
EndGlobal
